{
	"name": "@peidesign/design-system",
	"version": "0.1.0",
	"lockfileVersion": 1,
	"requires": true,
	"dependencies": {
		"@stencil/core": {
			"version": "1.0.0-alpha.14",
			"resolved": "https://registry.npmjs.org/@stencil/core/-/core-1.0.0-alpha.14.tgz",
			"integrity": "sha512-owLjggHTc6DrNWHrk+sjOwbAu19/cZB7pt/y9b9vPyAHU1A/93i98uHOc5MUu0MEeWtOAoUfUhfQXg8093NhiQ==",
			"requires": {
				"typescript": "3.4.4"
			}
		},
		"@stencil/postcss": {
			"version": "0.1.0",
			"resolved": "https://registry.npmjs.org/@stencil/postcss/-/postcss-0.1.0.tgz",
			"integrity": "sha512-p1Eo3+SkxHOdshEawZBx5SuQRQdHtHNS1ykSzEy0l2IMQNZs9CSwKrTORcUfovXlfQIBj6RNGn2pJEeFr+7lLA==",
			"requires": {
				"postcss": "6.0.20"
			}
		},
		"@stencil/router": {
			"version": "0.3.4-2",
			"resolved": "https://registry.npmjs.org/@stencil/router/-/router-0.3.4-2.tgz",
			"integrity": "sha512-Px80Frs/m7KoQOiebz9liG4DHKhU5zGVyDWZannDJ0gfiQk5ujr7A0c+j6ZSIh+PW2QoGCsl6b7TyvutzeFaFQ==",
			"requires": {
				"@stencil/state-tunnel": "^0.0.9-5"
			}
		},
		"@stencil/state-tunnel": {
			"version": "0.0.9-5",
			"resolved": "https://registry.npmjs.org/@stencil/state-tunnel/-/state-tunnel-0.0.9-5.tgz",
			"integrity": "sha512-LOPD9s3ZmLtFSrWJjjtv45+IZKCjdp1/EJp+fJl5btjQ2WrxQfQsQUdEkuoU4AygQ5Ly+PtX7Y3Lep8AU2zVnQ=="
		},
		"ansi-styles": {
			"version": "3.2.1",
			"resolved": "https://registry.npmjs.org/ansi-styles/-/ansi-styles-3.2.1.tgz",
			"integrity": "sha512-VT0ZI6kZRdTh8YyJw3SMbYm/u+NqfsAxEpWO0Pf9sq8/e94WxxOpPKx9FR1FlyCtOVDNOQ+8ntlqFxiRc+r5qA==",
			"requires": {
				"color-convert": "^1.9.0"
			}
		},
		"chalk": {
			"version": "2.4.2",
			"resolved": "https://registry.npmjs.org/chalk/-/chalk-2.4.2.tgz",
			"integrity": "sha512-Mti+f9lpJNcwF4tWV8/OrTTtF1gZi+f8FqlyAdouralcFWFQWF2+NgCHShjkCb+IFBLq9buZwE1xckQU4peSuQ==",
			"requires": {
				"ansi-styles": "^3.2.1",
				"escape-string-regexp": "^1.0.5",
				"supports-color": "^5.3.0"
			}
		},
		"color-convert": {
			"version": "1.9.3",
			"resolved": "https://registry.npmjs.org/color-convert/-/color-convert-1.9.3.tgz",
			"integrity": "sha512-QfAUtd+vFdAtFQcC8CCyYt1fYWxSqAiK2cSD6zDB8N3cpsEBAvRxp9zOGg6G/SHHJYAT88/az/IuDGALsNVbGg==",
			"requires": {
				"color-name": "1.1.3"
			}
		},
		"color-name": {
			"version": "1.1.3",
			"resolved": "https://registry.npmjs.org/color-name/-/color-name-1.1.3.tgz",
			"integrity": "sha1-p9BVi9icQveV3UIyj3QIMcpTvCU="
		},
		"escape-string-regexp": {
			"version": "1.0.5",
			"resolved": "https://registry.npmjs.org/escape-string-regexp/-/escape-string-regexp-1.0.5.tgz",
			"integrity": "sha1-G2HAViGQqN/2rjuyzwIAyhMLhtQ="
		},
		"has-flag": {
			"version": "3.0.0",
			"resolved": "https://registry.npmjs.org/has-flag/-/has-flag-3.0.0.tgz",
			"integrity": "sha1-tdRU3CGZriJWmfNGfloH87lVuv0="
		},
		"postcss": {
			"version": "6.0.20",
			"resolved": "https://registry.npmjs.org/postcss/-/postcss-6.0.20.tgz",
			"integrity": "sha512-Opr6usW30Iy0xEDrJywDckRxtylfO7gTGs3Kfb2LdLQlGsUg89fTy0R3Vm1Dub2YHO7MK58avr0p70+uFFHb7A==",
			"requires": {
				"chalk": "^2.3.2",
				"source-map": "^0.6.1",
				"supports-color": "^5.3.0"
			}
		},
		"source-map": {
			"version": "0.6.1",
			"resolved": "https://registry.npmjs.org/source-map/-/source-map-0.6.1.tgz",
			"integrity": "sha512-UjgapumWlbMhkBgzT7Ykc5YXUT46F0iKu8SGXq0bcwP5dz/h0Plj6enJqjz1Zbq2l5WaqYnrVbwWOWMyF3F47g=="
		},
		"supports-color": {
			"version": "5.5.0",
			"resolved": "https://registry.npmjs.org/supports-color/-/supports-color-5.5.0.tgz",
			"integrity": "sha512-QjVjwdXIt408MIiAqCX4oUKsgU2EqAGzs2Ppkm4aQYbjm+ZEWEcW4SfFNTr4uMNZma0ey4f5lgLrkB0aX0QMow==",
			"requires": {
				"has-flag": "^3.0.0"
			}
		},
		"typescript": {
			"version": "3.4.4",
			"resolved": "https://registry.npmjs.org/typescript/-/typescript-3.4.4.tgz",
			"integrity": "sha512-xt5RsIRCEaf6+j9AyOBgvVuAec0i92rgCaS3S+UVf5Z/vF2Hvtsw08wtUTJqp4djwznoAgjSxeCcU4r+CcDBJA=="
		}
	}
}
